{
  "requires": true,
  "lockfileVersion": 1,
  "dependencies": {
    "@types/stats": {
      "version": "0.16.30",
      "resolved": "https://registry.npmjs.org/@types/stats/-/stats-0.16.30.tgz",
      "integrity": "sha1-3rX6blnG1nvW4PYaUe9jCoOoTOk=",
      "dev": true
    },
    "@types/three": {
      "version": "0.92.0",
      "resolved": "https://registry.npmjs.org/@types/three/-/three-0.92.0.tgz",
      "integrity": "sha512-Co1oc80guF2rZM+jHf/AiHm6t4BcshBTgpthXyetTTT06znaSV0S4+j6cQFa9+lCpnk227teiWowXfd4kwWN2g==",
      "requires": {
        "@types/webvr-api": "0.0.34"
      }
    },
    "@types/webvr-api": {
      "version": "0.0.34",
      "resolved": "https://registry.npmjs.org/@types/webvr-api/-/webvr-api-0.0.34.tgz",
      "integrity": "sha512-gVAPKK+L1blPJCFnUDmkIdRfIU8xbwl05MDXPRjnjoeDXUUzR6frPuyx9RQz+OCodmxlBcJOkjVTMTZi1BcuZw=="
    }
  }
}
